
Microsoft Visual Studio Solution File, Format Version 12.00
# Visual Studio Version 16
VisualStudioVersion = 16.0.30114.105
MinimumVisualStudioVersion = 10.0.40219.1
Project("{FAE04EC0-301F-11D3-BF4B-00C04F79EFBC}") = "MoneyExtension", "MoneyExtension\MoneyExtension.csproj", "{935E9CF3-C243-446C-B2AA-8B27979A57A6}"
EndProject
Project("{FAE04EC0-301F-11D3-BF4B-00C04F79EFBC}") = "MoneyExtension.Tests", "MoneyExtension.Tests\MoneyExtension.Tests.csproj", "{948F49FB-8F25-40A3-AFB7-01D8CE78A07D}"
EndProject
Global
	GlobalSection(SolutionConfigurationPlatforms) = preSolution
		Debug|Any CPU = Debug|Any CPU
		Release|Any CPU = Release|Any CPU
	EndGlobalSection
	GlobalSection(SolutionProperties) = preSolution
		HideSolutionNode = FALSE
	EndGlobalSection
	GlobalSection(ProjectConfigurationPlatforms) = postSolution
		{935E9CF3-C243-446C-B2AA-8B27979A57A6}.Debug|Any CPU.ActiveCfg = Debug|Any CPU
		{935E9CF3-C243-446C-B2AA-8B27979A57A6}.Debug|Any CPU.Build.0 = Debug|Any CPU
		{935E9CF3-C243-446C-B2AA-8B27979A57A6}.Release|Any CPU.ActiveCfg = Release|Any CPU
		{935E9CF3-C243-446C-B2AA-8B27979A57A6}.Release|Any CPU.Build.0 = Release|Any CPU
		{948F49FB-8F25-40A3-AFB7-01D8CE78A07D}.Debug|Any CPU.ActiveCfg = Debug|Any CPU
		{948F49FB-8F25-40A3-AFB7-01D8CE78A07D}.Debug|Any CPU.Build.0 = Debug|Any CPU
		{948F49FB-8F25-40A3-AFB7-01D8CE78A07D}.Release|Any CPU.ActiveCfg = Release|Any CPU
		{948F49FB-8F25-40A3-AFB7-01D8CE78A07D}.Release|Any CPU.Build.0 = Release|Any CPU
	EndGlobalSection
EndGlobal
